
Microsoft Visual Studio Solution File, Format Version 12.00
# Visual Studio Version 17
VisualStudioVersion = 17.9.34728.123
MinimumVisualStudioVersion = 10.0.40219.1
Project("{FAE04EC0-301F-11D3-BF4B-00C04F79EFBC}") = "Wpf_ACT5_DAMIERS_AdrienB_ex3", "Wpf_ACT5_DAMIERS_AdrienB_ex3.csproj", "{56C38410-1FFE-43CC-820C-45E08035083C}"
EndProject
Global
	GlobalSection(SolutionConfigurationPlatforms) = preSolution
		Debug|Any CPU = Debug|Any CPU
		Release|Any CPU = Release|Any CPU
	EndGlobalSection
	GlobalSection(ProjectConfigurationPlatforms) = postSolution
		{56C38410-1FFE-43CC-820C-45E08035083C}.Debug|Any CPU.ActiveCfg = Debug|Any CPU
		{56C38410-1FFE-43CC-820C-45E08035083C}.Debug|Any CPU.Build.0 = Debug|Any CPU
		{56C38410-1FFE-43CC-820C-45E08035083C}.Release|Any CPU.ActiveCfg = Release|Any CPU
		{56C38410-1FFE-43CC-820C-45E08035083C}.Release|Any CPU.Build.0 = Release|Any CPU
	EndGlobalSection
	GlobalSection(SolutionProperties) = preSolution
		HideSolutionNode = FALSE
	EndGlobalSection
	GlobalSection(ExtensibilityGlobals) = postSolution
		SolutionGuid = {823E750D-3BE1-41CC-A66B-503029FF2B5E}
	EndGlobalSection
EndGlobal
