
Microsoft Visual Studio Solution File, Format Version 12.00
# Visual Studio Version 17
VisualStudioVersion = 17.9.34728.123
MinimumVisualStudioVersion = 10.0.40219.1
Project("{FAE04EC0-301F-11D3-BF4B-00C04F79EFBC}") = "progPoFirst", "progPoFirst.csproj", "{3336917F-275F-4460-B186-7F5C9B71D35E}"
EndProject
Global
	GlobalSection(SolutionConfigurationPlatforms) = preSolution
		Debug|Any CPU = Debug|Any CPU
		Release|Any CPU = Release|Any CPU
	EndGlobalSection
	GlobalSection(ProjectConfigurationPlatforms) = postSolution
		{3336917F-275F-4460-B186-7F5C9B71D35E}.Debug|Any CPU.ActiveCfg = Debug|Any CPU
		{3336917F-275F-4460-B186-7F5C9B71D35E}.Debug|Any CPU.Build.0 = Debug|Any CPU
		{3336917F-275F-4460-B186-7F5C9B71D35E}.Release|Any CPU.ActiveCfg = Release|Any CPU
		{3336917F-275F-4460-B186-7F5C9B71D35E}.Release|Any CPU.Build.0 = Release|Any CPU
	EndGlobalSection
	GlobalSection(SolutionProperties) = preSolution
		HideSolutionNode = FALSE
	EndGlobalSection
	GlobalSection(ExtensibilityGlobals) = postSolution
		SolutionGuid = {FB60C865-6F46-463B-9C7C-D93EE1D8A621}
	EndGlobalSection
EndGlobal
