
Microsoft Visual Studio Solution File, Format Version 12.00
# Visual Studio Version 17
VisualStudioVersion = 17.9.34728.123
MinimumVisualStudioVersion = 10.0.40219.1
Project("{FAE04EC0-301F-11D3-BF4B-00C04F79EFBC}") = "act5_TestMultiPage_AdrienBrahy", "act5_TestMultiPage_AdrienBrahy.csproj", "{0F9CF5C1-1C03-4FBC-8975-E936931FFD0E}"
EndProject
Global
	GlobalSection(SolutionConfigurationPlatforms) = preSolution
		Debug|Any CPU = Debug|Any CPU
		Release|Any CPU = Release|Any CPU
	EndGlobalSection
	GlobalSection(ProjectConfigurationPlatforms) = postSolution
		{0F9CF5C1-1C03-4FBC-8975-E936931FFD0E}.Debug|Any CPU.ActiveCfg = Debug|Any CPU
		{0F9CF5C1-1C03-4FBC-8975-E936931FFD0E}.Debug|Any CPU.Build.0 = Debug|Any CPU
		{0F9CF5C1-1C03-4FBC-8975-E936931FFD0E}.Release|Any CPU.ActiveCfg = Release|Any CPU
		{0F9CF5C1-1C03-4FBC-8975-E936931FFD0E}.Release|Any CPU.Build.0 = Release|Any CPU
	EndGlobalSection
	GlobalSection(SolutionProperties) = preSolution
		HideSolutionNode = FALSE
	EndGlobalSection
	GlobalSection(ExtensibilityGlobals) = postSolution
		SolutionGuid = {4E42D889-8ED5-430B-9EEE-C9D669EA4618}
	EndGlobalSection
EndGlobal
