
Microsoft Visual Studio Solution File, Format Version 12.00
# Visual Studio Version 17
VisualStudioVersion = 17.12.35521.163 d17.12
MinimumVisualStudioVersion = 10.0.40219.1
Project("{FAE04EC0-301F-11D3-BF4B-00C04F79EFBC}") = "ACT10_AdrienB_classesLiee", "ACT10_AdrienB_classesLiee.csproj", "{6E0D8D23-449B-4204-B360-9F5083AA0CE4}"
EndProject
Global
	GlobalSection(SolutionConfigurationPlatforms) = preSolution
		Debug|Any CPU = Debug|Any CPU
		Release|Any CPU = Release|Any CPU
	EndGlobalSection
	GlobalSection(ProjectConfigurationPlatforms) = postSolution
		{6E0D8D23-449B-4204-B360-9F5083AA0CE4}.Debug|Any CPU.ActiveCfg = Debug|Any CPU
		{6E0D8D23-449B-4204-B360-9F5083AA0CE4}.Debug|Any CPU.Build.0 = Debug|Any CPU
		{6E0D8D23-449B-4204-B360-9F5083AA0CE4}.Release|Any CPU.ActiveCfg = Release|Any CPU
		{6E0D8D23-449B-4204-B360-9F5083AA0CE4}.Release|Any CPU.Build.0 = Release|Any CPU
	EndGlobalSection
	GlobalSection(SolutionProperties) = preSolution
		HideSolutionNode = FALSE
	EndGlobalSection
EndGlobal
