
Microsoft Visual Studio Solution File, Format Version 12.00
# Visual Studio Version 17
VisualStudioVersion = 17.9.34728.123
MinimumVisualStudioVersion = 10.0.40219.1
Project("{FAE04EC0-301F-11D3-BF4B-00C04F79EFBC}") = "Wpf_ACT5_DAMIERS_AdrienB", "Wpf_ACT5_DAMIERS_AdrienB.csproj", "{EEA47097-6C9E-42B5-ABCE-B33ACD018C84}"
EndProject
Global
	GlobalSection(SolutionConfigurationPlatforms) = preSolution
		Debug|Any CPU = Debug|Any CPU
		Release|Any CPU = Release|Any CPU
	EndGlobalSection
	GlobalSection(ProjectConfigurationPlatforms) = postSolution
		{EEA47097-6C9E-42B5-ABCE-B33ACD018C84}.Debug|Any CPU.ActiveCfg = Debug|Any CPU
		{EEA47097-6C9E-42B5-ABCE-B33ACD018C84}.Debug|Any CPU.Build.0 = Debug|Any CPU
		{EEA47097-6C9E-42B5-ABCE-B33ACD018C84}.Release|Any CPU.ActiveCfg = Release|Any CPU
		{EEA47097-6C9E-42B5-ABCE-B33ACD018C84}.Release|Any CPU.Build.0 = Release|Any CPU
	EndGlobalSection
	GlobalSection(SolutionProperties) = preSolution
		HideSolutionNode = FALSE
	EndGlobalSection
	GlobalSection(ExtensibilityGlobals) = postSolution
		SolutionGuid = {A1B6E9FD-9FA5-4758-9E4F-47BFDDE06972}
	EndGlobalSection
EndGlobal
