
Microsoft Visual Studio Solution File, Format Version 12.00
# Visual Studio Version 17
VisualStudioVersion = 17.9.34728.123
MinimumVisualStudioVersion = 10.0.40219.1
Project("{FAE04EC0-301F-11D3-BF4B-00C04F79EFBC}") = "ACT 1_Ter_AdrienB", "ACT 1_Ter_AdrienB.csproj", "{016E47EC-B274-42CA-90C3-31265A881618}"
EndProject
Global
	GlobalSection(SolutionConfigurationPlatforms) = preSolution
		Debug|Any CPU = Debug|Any CPU
		Release|Any CPU = Release|Any CPU
	EndGlobalSection
	GlobalSection(ProjectConfigurationPlatforms) = postSolution
		{016E47EC-B274-42CA-90C3-31265A881618}.Debug|Any CPU.ActiveCfg = Debug|Any CPU
		{016E47EC-B274-42CA-90C3-31265A881618}.Debug|Any CPU.Build.0 = Debug|Any CPU
		{016E47EC-B274-42CA-90C3-31265A881618}.Release|Any CPU.ActiveCfg = Release|Any CPU
		{016E47EC-B274-42CA-90C3-31265A881618}.Release|Any CPU.Build.0 = Release|Any CPU
	EndGlobalSection
	GlobalSection(SolutionProperties) = preSolution
		HideSolutionNode = FALSE
	EndGlobalSection
	GlobalSection(ExtensibilityGlobals) = postSolution
		SolutionGuid = {098119A0-5A77-4F6D-8139-864544A84D3F}
	EndGlobalSection
EndGlobal
