
Microsoft Visual Studio Solution File, Format Version 12.00
# Visual Studio Version 17
VisualStudioVersion = 17.9.34728.123
MinimumVisualStudioVersion = 10.0.40219.1
Project("{FAE04EC0-301F-11D3-BF4B-00C04F79EFBC}") = "ACT_2_POO_ExSimples_Cercle", "ACT_2_POO_ExSimples_Cercle.csproj", "{A74AB08D-3150-43C8-AEA5-B0CAFFE1A903}"
EndProject
Global
	GlobalSection(SolutionConfigurationPlatforms) = preSolution
		Debug|Any CPU = Debug|Any CPU
		Release|Any CPU = Release|Any CPU
	EndGlobalSection
	GlobalSection(ProjectConfigurationPlatforms) = postSolution
		{A74AB08D-3150-43C8-AEA5-B0CAFFE1A903}.Debug|Any CPU.ActiveCfg = Debug|Any CPU
		{A74AB08D-3150-43C8-AEA5-B0CAFFE1A903}.Debug|Any CPU.Build.0 = Debug|Any CPU
		{A74AB08D-3150-43C8-AEA5-B0CAFFE1A903}.Release|Any CPU.ActiveCfg = Release|Any CPU
		{A74AB08D-3150-43C8-AEA5-B0CAFFE1A903}.Release|Any CPU.Build.0 = Release|Any CPU
	EndGlobalSection
	GlobalSection(SolutionProperties) = preSolution
		HideSolutionNode = FALSE
	EndGlobalSection
	GlobalSection(ExtensibilityGlobals) = postSolution
		SolutionGuid = {92263663-B263-4111-85F7-A088E69C7AF6}
	EndGlobalSection
EndGlobal
