
Microsoft Visual Studio Solution File, Format Version 12.00
# Visual Studio Version 17
VisualStudioVersion = 17.9.34728.123
MinimumVisualStudioVersion = 10.0.40219.1
Project("{FAE04EC0-301F-11D3-BF4B-00C04F79EFBC}") = "ACT-7_AdrienB_CRUDetBDD", "ACT-7_AdrienB_CRUDetBDD.csproj", "{11983429-B8DE-481C-8F6B-A370B72196FF}"
EndProject
Global
	GlobalSection(SolutionConfigurationPlatforms) = preSolution
		Debug|Any CPU = Debug|Any CPU
		Release|Any CPU = Release|Any CPU
	EndGlobalSection
	GlobalSection(ProjectConfigurationPlatforms) = postSolution
		{11983429-B8DE-481C-8F6B-A370B72196FF}.Debug|Any CPU.ActiveCfg = Debug|Any CPU
		{11983429-B8DE-481C-8F6B-A370B72196FF}.Debug|Any CPU.Build.0 = Debug|Any CPU
		{11983429-B8DE-481C-8F6B-A370B72196FF}.Release|Any CPU.ActiveCfg = Release|Any CPU
		{11983429-B8DE-481C-8F6B-A370B72196FF}.Release|Any CPU.Build.0 = Release|Any CPU
	EndGlobalSection
	GlobalSection(SolutionProperties) = preSolution
		HideSolutionNode = FALSE
	EndGlobalSection
	GlobalSection(ExtensibilityGlobals) = postSolution
		SolutionGuid = {4C5C5BB2-77D9-4214-8582-23047C110955}
	EndGlobalSection
EndGlobal
