
Microsoft Visual Studio Solution File, Format Version 12.00
# Visual Studio Version 17
VisualStudioVersion = 17.9.34728.123
MinimumVisualStudioVersion = 10.0.40219.1
Project("{FAE04EC0-301F-11D3-BF4B-00C04F79EFBC}") = "act0_AdrienBrahy_Ex6", "act0_AdrienBrahy_Ex6.csproj", "{F86C303F-FB88-4376-963E-9EF57450C3A3}"
EndProject
Global
	GlobalSection(SolutionConfigurationPlatforms) = preSolution
		Debug|Any CPU = Debug|Any CPU
		Release|Any CPU = Release|Any CPU
	EndGlobalSection
	GlobalSection(ProjectConfigurationPlatforms) = postSolution
		{F86C303F-FB88-4376-963E-9EF57450C3A3}.Debug|Any CPU.ActiveCfg = Debug|Any CPU
		{F86C303F-FB88-4376-963E-9EF57450C3A3}.Debug|Any CPU.Build.0 = Debug|Any CPU
		{F86C303F-FB88-4376-963E-9EF57450C3A3}.Release|Any CPU.ActiveCfg = Release|Any CPU
		{F86C303F-FB88-4376-963E-9EF57450C3A3}.Release|Any CPU.Build.0 = Release|Any CPU
	EndGlobalSection
	GlobalSection(SolutionProperties) = preSolution
		HideSolutionNode = FALSE
	EndGlobalSection
	GlobalSection(ExtensibilityGlobals) = postSolution
		SolutionGuid = {AA5D21EB-4F8D-4742-8287-758031C2BAFA}
	EndGlobalSection
EndGlobal
