
Microsoft Visual Studio Solution File, Format Version 12.00
# Visual Studio Version 17
VisualStudioVersion = 17.9.34728.123
MinimumVisualStudioVersion = 10.0.40219.1
Project("{FAE04EC0-301F-11D3-BF4B-00C04F79EFBC}") = "act0_AdrienBrahy_Ex5", "act0_AdrienBrahy_Ex5.csproj", "{677E0E80-6959-4B25-90EB-7D2748F83E9D}"
EndProject
Global
	GlobalSection(SolutionConfigurationPlatforms) = preSolution
		Debug|Any CPU = Debug|Any CPU
		Release|Any CPU = Release|Any CPU
	EndGlobalSection
	GlobalSection(ProjectConfigurationPlatforms) = postSolution
		{677E0E80-6959-4B25-90EB-7D2748F83E9D}.Debug|Any CPU.ActiveCfg = Debug|Any CPU
		{677E0E80-6959-4B25-90EB-7D2748F83E9D}.Debug|Any CPU.Build.0 = Debug|Any CPU
		{677E0E80-6959-4B25-90EB-7D2748F83E9D}.Release|Any CPU.ActiveCfg = Release|Any CPU
		{677E0E80-6959-4B25-90EB-7D2748F83E9D}.Release|Any CPU.Build.0 = Release|Any CPU
	EndGlobalSection
	GlobalSection(SolutionProperties) = preSolution
		HideSolutionNode = FALSE
	EndGlobalSection
	GlobalSection(ExtensibilityGlobals) = postSolution
		SolutionGuid = {3B600AF2-D467-4741-869A-D238790ED2E3}
	EndGlobalSection
EndGlobal
