
Microsoft Visual Studio Solution File, Format Version 12.00
# Visual Studio Version 17
VisualStudioVersion = 17.9.34728.123
MinimumVisualStudioVersion = 10.0.40219.1
Project("{FAE04EC0-301F-11D3-BF4B-00C04F79EFBC}") = "act0_AdrienBrahy_Ex2", "act0_AdrienBrahy_Ex2.csproj", "{D2331C32-0DB9-4816-AD37-15C4BB4AD7AE}"
EndProject
Global
	GlobalSection(SolutionConfigurationPlatforms) = preSolution
		Debug|Any CPU = Debug|Any CPU
		Release|Any CPU = Release|Any CPU
	EndGlobalSection
	GlobalSection(ProjectConfigurationPlatforms) = postSolution
		{D2331C32-0DB9-4816-AD37-15C4BB4AD7AE}.Debug|Any CPU.ActiveCfg = Debug|Any CPU
		{D2331C32-0DB9-4816-AD37-15C4BB4AD7AE}.Debug|Any CPU.Build.0 = Debug|Any CPU
		{D2331C32-0DB9-4816-AD37-15C4BB4AD7AE}.Release|Any CPU.ActiveCfg = Release|Any CPU
		{D2331C32-0DB9-4816-AD37-15C4BB4AD7AE}.Release|Any CPU.Build.0 = Release|Any CPU
	EndGlobalSection
	GlobalSection(SolutionProperties) = preSolution
		HideSolutionNode = FALSE
	EndGlobalSection
	GlobalSection(ExtensibilityGlobals) = postSolution
		SolutionGuid = {D5586B6A-D335-4090-B595-23B3524315F2}
	EndGlobalSection
EndGlobal
