
Microsoft Visual Studio Solution File, Format Version 12.00
# Visual Studio Version 17
VisualStudioVersion = 17.9.34728.123
MinimumVisualStudioVersion = 10.0.40219.1
Project("{FAE04EC0-301F-11D3-BF4B-00C04F79EFBC}") = "act1_AdrienBrahy_Ex1", "act1_AdrienBrahy_Ex1.csproj", "{A3F2723B-470D-48AE-891D-9BFEE5106327}"
EndProject
Global
	GlobalSection(SolutionConfigurationPlatforms) = preSolution
		Debug|Any CPU = Debug|Any CPU
		Release|Any CPU = Release|Any CPU
	EndGlobalSection
	GlobalSection(ProjectConfigurationPlatforms) = postSolution
		{A3F2723B-470D-48AE-891D-9BFEE5106327}.Debug|Any CPU.ActiveCfg = Debug|Any CPU
		{A3F2723B-470D-48AE-891D-9BFEE5106327}.Debug|Any CPU.Build.0 = Debug|Any CPU
		{A3F2723B-470D-48AE-891D-9BFEE5106327}.Release|Any CPU.ActiveCfg = Release|Any CPU
		{A3F2723B-470D-48AE-891D-9BFEE5106327}.Release|Any CPU.Build.0 = Release|Any CPU
	EndGlobalSection
	GlobalSection(SolutionProperties) = preSolution
		HideSolutionNode = FALSE
	EndGlobalSection
	GlobalSection(ExtensibilityGlobals) = postSolution
		SolutionGuid = {50ADE3A0-69F2-4549-A2BF-6BF6336C50B1}
	EndGlobalSection
EndGlobal
