
Microsoft Visual Studio Solution File, Format Version 12.00
# Visual Studio Version 17
VisualStudioVersion = 17.9.34728.123
MinimumVisualStudioVersion = 10.0.40219.1
Project("{FAE04EC0-301F-11D3-BF4B-00C04F79EFBC}") = "act1_AdrienBrahy_Ex2", "act1_AdrienBrahy_Ex2.csproj", "{678D8652-5CBB-462B-B6A4-BDD11FF909A7}"
EndProject
Global
	GlobalSection(SolutionConfigurationPlatforms) = preSolution
		Debug|Any CPU = Debug|Any CPU
		Release|Any CPU = Release|Any CPU
	EndGlobalSection
	GlobalSection(ProjectConfigurationPlatforms) = postSolution
		{678D8652-5CBB-462B-B6A4-BDD11FF909A7}.Debug|Any CPU.ActiveCfg = Debug|Any CPU
		{678D8652-5CBB-462B-B6A4-BDD11FF909A7}.Debug|Any CPU.Build.0 = Debug|Any CPU
		{678D8652-5CBB-462B-B6A4-BDD11FF909A7}.Release|Any CPU.ActiveCfg = Release|Any CPU
		{678D8652-5CBB-462B-B6A4-BDD11FF909A7}.Release|Any CPU.Build.0 = Release|Any CPU
	EndGlobalSection
	GlobalSection(SolutionProperties) = preSolution
		HideSolutionNode = FALSE
	EndGlobalSection
	GlobalSection(ExtensibilityGlobals) = postSolution
		SolutionGuid = {6060DA21-E50C-40EA-AFCC-6C34B226C8AA}
	EndGlobalSection
EndGlobal
