
Microsoft Visual Studio Solution File, Format Version 12.00
# Visual Studio Version 17
VisualStudioVersion = 17.12.35521.163 d17.12
MinimumVisualStudioVersion = 10.0.40219.1
Project("{FAE04EC0-301F-11D3-BF4B-00C04F79EFBC}") = "CE_UAA14WPF_Dec24_AdrienBrahy", "CE_UAA14WPF_Dec24_AdrienBrahy.csproj", "{ECA62FA7-9616-4442-9940-21E4EEB0D016}"
EndProject
Global
	GlobalSection(SolutionConfigurationPlatforms) = preSolution
		Debug|Any CPU = Debug|Any CPU
		Release|Any CPU = Release|Any CPU
	EndGlobalSection
	GlobalSection(ProjectConfigurationPlatforms) = postSolution
		{ECA62FA7-9616-4442-9940-21E4EEB0D016}.Debug|Any CPU.ActiveCfg = Debug|Any CPU
		{ECA62FA7-9616-4442-9940-21E4EEB0D016}.Debug|Any CPU.Build.0 = Debug|Any CPU
		{ECA62FA7-9616-4442-9940-21E4EEB0D016}.Release|Any CPU.ActiveCfg = Release|Any CPU
		{ECA62FA7-9616-4442-9940-21E4EEB0D016}.Release|Any CPU.Build.0 = Release|Any CPU
	EndGlobalSection
	GlobalSection(SolutionProperties) = preSolution
		HideSolutionNode = FALSE
	EndGlobalSection
EndGlobal
